// !$*UTF8*$!
{
	archiveVersion = 1;
	classes = {
	};
	objectVersion = 48;
	objects = {

/* Begin PBXBuildFile section */
		4212694A1FE7B84100B1397D /* UICDisplayImageView.m in Sources */ = {isa = PBXBuildFile; fileRef = 421269491FE7B84000B1397D /* UICDisplayImageView.m */; };
		4212694D1FE7BDBF00B1397D /* CameraDemoVC.m in Sources */ = {isa = PBXBuildFile; fileRef = 4212694C1FE7BDBF00B1397D /* CameraDemoVC.m */; };
		421269551FE7C00C00B1397D /* PGCameraDefine.m in Sources */ = {isa = PBXBuildFile; fileRef = 421269511FE7C00B00B1397D /* PGCameraDefine.m */; };
		421269561FE7C00C00B1397D /* PGCameraManager.m in Sources */ = {isa = PBXBuildFile; fileRef = 421269531FE7C00B00B1397D /* PGCameraManager.m */; };
		42426DA11FE3773F00F03369 /* CLOglCommon.cpp in Sources */ = {isa = PBXBuildFile; fileRef = 42426D9F1FE3773F00F03369 /* CLOglCommon.cpp */; };
		424BC2DC1FDFD2AE009DC0AF /* CLOglProgram.cpp in Sources */ = {isa = PBXBuildFile; fileRef = 424BC2DA1FDFD2AE009DC0AF /* CLOglProgram.cpp */; };
		4259BA0E1FE51C8D001F6555 /* CLOglPixel.cpp in Sources */ = {isa = PBXBuildFile; fileRef = 4259BA0C1FE51C8D001F6555 /* CLOglPixel.cpp */; };
		42602EF71FE8A23E00AF799F /* CLOglRenderBuffer.cpp in Sources */ = {isa = PBXBuildFile; fileRef = 42602EF51FE8A23E00AF799F /* CLOglRenderBuffer.cpp */; };
		42602EFB1FE8E62B00AF799F /* UIImage+pg_common_unitils.m in Sources */ = {isa = PBXBuildFile; fileRef = 42602EFA1FE8E62B00AF799F /* UIImage+pg_common_unitils.m */; };
		42873C571FE121D700F39512 /* CLOglColorMatrixFilter.cpp in Sources */ = {isa = PBXBuildFile; fileRef = 42873C551FE121D700F39512 /* CLOglColorMatrixFilter.cpp */; };
		42873C5A1FE1223B00F39512 /* CLOglFilter.cpp in Sources */ = {isa = PBXBuildFile; fileRef = 42873C581FE1223B00F39512 /* CLOglFilter.cpp */; };
		429425891FD52A08001C3E35 /* AppDelegate.m in Sources */ = {isa = PBXBuildFile; fileRef = 429425881FD52A08001C3E35 /* AppDelegate.m */; };
		4294258F1FD52A08001C3E35 /* Main.storyboard in Resources */ = {isa = PBXBuildFile; fileRef = 4294258D1FD52A08001C3E35 /* Main.storyboard */; };
		429425911FD52A08001C3E35 /* Assets.xcassets in Resources */ = {isa = PBXBuildFile; fileRef = 429425901FD52A08001C3E35 /* Assets.xcassets */; };
		429425941FD52A08001C3E35 /* LaunchScreen.storyboard in Resources */ = {isa = PBXBuildFile; fileRef = 429425921FD52A08001C3E35 /* LaunchScreen.storyboard */; };
		429425971FD52A08001C3E35 /* main.m in Sources */ = {isa = PBXBuildFile; fileRef = 429425961FD52A08001C3E35 /* main.m */; };
		429425A31FD52AB7001C3E35 /* CLOOpenGLView.mm in Sources */ = {isa = PBXBuildFile; fileRef = 429425A21FD52AB7001C3E35 /* CLOOpenGLView.mm */; };
		429425A61FD62D59001C3E35 /* CLOglCtr.cpp in Sources */ = {isa = PBXBuildFile; fileRef = 429425A41FD62D59001C3E35 /* CLOglCtr.cpp */; };
		429425AA1FD637C5001C3E35 /* CLOglTexture.cpp in Sources */ = {isa = PBXBuildFile; fileRef = 429425A81FD637C5001C3E35 /* CLOglTexture.cpp */; };
		429425AD1FD64925001C3E35 /* CLOOpenGLCtr.mm in Sources */ = {isa = PBXBuildFile; fileRef = 429425AC1FD64925001C3E35 /* CLOOpenGLCtr.mm */; };
		429425B01FD649C7001C3E35 /* CLOOpenGLContext.mm in Sources */ = {isa = PBXBuildFile; fileRef = 429425AF1FD649C7001C3E35 /* CLOOpenGLContext.mm */; };
		42CCCD2B1FE22564003F1C6D /* PhotoMakeDemoVC.m in Sources */ = {isa = PBXBuildFile; fileRef = 42CCCD2A1FE22564003F1C6D /* PhotoMakeDemoVC.m */; };
		42CCCD2E1FE2525B003F1C6D /* CLOOpenGLImageUtility.mm in Sources */ = {isa = PBXBuildFile; fileRef = 42CCCD2D1FE2525B003F1C6D /* CLOOpenGLImageUtility.mm */; };
		42CCCD311FE25B05003F1C6D /* CLOglSession.cpp in Sources */ = {isa = PBXBuildFile; fileRef = 42CCCD2F1FE25B05003F1C6D /* CLOglSession.cpp */; };
		42F8EA671FD6A1F80007229D /* CLOglFrameBuffer.cpp in Sources */ = {isa = PBXBuildFile; fileRef = 42F8EA651FD6A1F80007229D /* CLOglFrameBuffer.cpp */; };
/* End PBXBuildFile section */

/* Begin PBXFileReference section */
		421269481FE7B84000B1397D /* UICDisplayImageView.h */ = {isa = PBXFileReference; fileEncoding = 4; lastKnownFileType = sourcecode.c.h; path = UICDisplayImageView.h; sourceTree = "<group>"; };
		421269491FE7B84000B1397D /* UICDisplayImageView.m */ = {isa = PBXFileReference; fileEncoding = 4; lastKnownFileType = sourcecode.c.objc; path = UICDisplayImageView.m; sourceTree = "<group>"; };
		4212694B1FE7BDBF00B1397D /* CameraDemoVC.h */ = {isa = PBXFileReference; lastKnownFileType = sourcecode.c.h; path = CameraDemoVC.h; sourceTree = "<group>"; };
		4212694C1FE7BDBF00B1397D /* CameraDemoVC.m */ = {isa = PBXFileReference; lastKnownFileType = sourcecode.c.objc; path = CameraDemoVC.m; sourceTree = "<group>"; };
		421269501FE7C00B00B1397D /* PGCameraDefine.h */ = {isa = PBXFileReference; fileEncoding = 4; lastKnownFileType = sourcecode.c.h; path = PGCameraDefine.h; sourceTree = "<group>"; };
		421269511FE7C00B00B1397D /* PGCameraDefine.m */ = {isa = PBXFileReference; fileEncoding = 4; lastKnownFileType = sourcecode.c.objc; path = PGCameraDefine.m; sourceTree = "<group>"; };
		421269521FE7C00B00B1397D /* PGCameraManager.h */ = {isa = PBXFileReference; fileEncoding = 4; lastKnownFileType = sourcecode.c.h; path = PGCameraManager.h; sourceTree = "<group>"; };
		421269531FE7C00B00B1397D /* PGCameraManager.m */ = {isa = PBXFileReference; fileEncoding = 4; lastKnownFileType = sourcecode.c.objc; path = PGCameraManager.m; sourceTree = "<group>"; };
		421269541FE7C00B00B1397D /* PGCameraManagerDelegate.h */ = {isa = PBXFileReference; fileEncoding = 4; lastKnownFileType = sourcecode.c.h; path = PGCameraManagerDelegate.h; sourceTree = "<group>"; };
		42426D9F1FE3773F00F03369 /* CLOglCommon.cpp */ = {isa = PBXFileReference; lastKnownFileType = sourcecode.cpp.cpp; path = CLOglCommon.cpp; sourceTree = "<group>"; };
		42426DA01FE3773F00F03369 /* CLOglCommon.hpp */ = {isa = PBXFileReference; lastKnownFileType = sourcecode.cpp.h; path = CLOglCommon.hpp; sourceTree = "<group>"; };
		424BC2DA1FDFD2AE009DC0AF /* CLOglProgram.cpp */ = {isa = PBXFileReference; lastKnownFileType = sourcecode.cpp.cpp; path = CLOglProgram.cpp; sourceTree = "<group>"; };
		424BC2DB1FDFD2AE009DC0AF /* CLOglProgram.hpp */ = {isa = PBXFileReference; lastKnownFileType = sourcecode.cpp.h; path = CLOglProgram.hpp; sourceTree = "<group>"; };
		4259BA0C1FE51C8D001F6555 /* CLOglPixel.cpp */ = {isa = PBXFileReference; lastKnownFileType = sourcecode.cpp.cpp; path = CLOglPixel.cpp; sourceTree = "<group>"; };
		4259BA0D1FE51C8D001F6555 /* CLOglPixel.hpp */ = {isa = PBXFileReference; lastKnownFileType = sourcecode.cpp.h; path = CLOglPixel.hpp; sourceTree = "<group>"; };
		42602EF51FE8A23E00AF799F /* CLOglRenderBuffer.cpp */ = {isa = PBXFileReference; lastKnownFileType = sourcecode.cpp.cpp; path = CLOglRenderBuffer.cpp; sourceTree = "<group>"; };
		42602EF61FE8A23E00AF799F /* CLOglRenderBuffer.hpp */ = {isa = PBXFileReference; lastKnownFileType = sourcecode.cpp.h; path = CLOglRenderBuffer.hpp; sourceTree = "<group>"; };
		42602EF91FE8E62B00AF799F /* UIImage+pg_common_unitils.h */ = {isa = PBXFileReference; fileEncoding = 4; lastKnownFileType = sourcecode.c.h; path = "UIImage+pg_common_unitils.h"; sourceTree = "<group>"; };
		42602EFA1FE8E62B00AF799F /* UIImage+pg_common_unitils.m */ = {isa = PBXFileReference; fileEncoding = 4; lastKnownFileType = sourcecode.c.objc; path = "UIImage+pg_common_unitils.m"; sourceTree = "<group>"; };
		42873C551FE121D700F39512 /* CLOglColorMatrixFilter.cpp */ = {isa = PBXFileReference; lastKnownFileType = sourcecode.cpp.cpp; path = CLOglColorMatrixFilter.cpp; sourceTree = "<group>"; };
		42873C561FE121D700F39512 /* CLOglColorMatrixFilter.hpp */ = {isa = PBXFileReference; lastKnownFileType = sourcecode.cpp.h; path = CLOglColorMatrixFilter.hpp; sourceTree = "<group>"; };
		42873C581FE1223B00F39512 /* CLOglFilter.cpp */ = {isa = PBXFileReference; lastKnownFileType = sourcecode.cpp.cpp; path = CLOglFilter.cpp; sourceTree = "<group>"; };
		42873C591FE1223B00F39512 /* CLOglFilter.hpp */ = {isa = PBXFileReference; lastKnownFileType = sourcecode.cpp.h; path = CLOglFilter.hpp; sourceTree = "<group>"; };
		429425841FD52A08001C3E35 /* CLOOpenGLESDemo.app */ = {isa = PBXFileReference; explicitFileType = wrapper.application; includeInIndex = 0; path = CLOOpenGLESDemo.app; sourceTree = BUILT_PRODUCTS_DIR; };
		429425871FD52A08001C3E35 /* AppDelegate.h */ = {isa = PBXFileReference; lastKnownFileType = sourcecode.c.h; path = AppDelegate.h; sourceTree = "<group>"; };
		429425881FD52A08001C3E35 /* AppDelegate.m */ = {isa = PBXFileReference; lastKnownFileType = sourcecode.c.objc; path = AppDelegate.m; sourceTree = "<group>"; };
		4294258E1FD52A08001C3E35 /* Base */ = {isa = PBXFileReference; lastKnownFileType = file.storyboard; name = Base; path = Base.lproj/Main.storyboard; sourceTree = "<group>"; };
		429425901FD52A08001C3E35 /* Assets.xcassets */ = {isa = PBXFileReference; lastKnownFileType = folder.assetcatalog; path = Assets.xcassets; sourceTree = "<group>"; };
		429425931FD52A08001C3E35 /* Base */ = {isa = PBXFileReference; lastKnownFileType = file.storyboard; name = Base; path = Base.lproj/LaunchScreen.storyboard; sourceTree = "<group>"; };
		429425951FD52A08001C3E35 /* Info.plist */ = {isa = PBXFileReference; lastKnownFileType = text.plist.xml; path = Info.plist; sourceTree = "<group>"; };
		429425961FD52A08001C3E35 /* main.m */ = {isa = PBXFileReference; lastKnownFileType = sourcecode.c.objc; path = main.m; sourceTree = "<group>"; };
		429425A11FD52AB7001C3E35 /* CLOOpenGLView.h */ = {isa = PBXFileReference; lastKnownFileType = sourcecode.c.h; path = CLOOpenGLView.h; sourceTree = "<group>"; };
		429425A21FD52AB7001C3E35 /* CLOOpenGLView.mm */ = {isa = PBXFileReference; lastKnownFileType = sourcecode.cpp.objcpp; path = CLOOpenGLView.mm; sourceTree = "<group>"; };
		429425A41FD62D59001C3E35 /* CLOglCtr.cpp */ = {isa = PBXFileReference; lastKnownFileType = sourcecode.cpp.cpp; path = CLOglCtr.cpp; sourceTree = "<group>"; };
		429425A51FD62D59001C3E35 /* CLOglCtr.hpp */ = {isa = PBXFileReference; lastKnownFileType = sourcecode.cpp.h; path = CLOglCtr.hpp; sourceTree = "<group>"; };
		429425A71FD62D7C001C3E35 /* CLOglGlobal.h */ = {isa = PBXFileReference; lastKnownFileType = sourcecode.c.h; path = CLOglGlobal.h; sourceTree = "<group>"; };
		429425A81FD637C5001C3E35 /* CLOglTexture.cpp */ = {isa = PBXFileReference; lastKnownFileType = sourcecode.cpp.cpp; path = CLOglTexture.cpp; sourceTree = "<group>"; };
		429425A91FD637C5001C3E35 /* CLOglTexture.hpp */ = {isa = PBXFileReference; lastKnownFileType = sourcecode.cpp.h; path = CLOglTexture.hpp; sourceTree = "<group>"; };
		429425AB1FD64925001C3E35 /* CLOOpenGLCtr.h */ = {isa = PBXFileReference; lastKnownFileType = sourcecode.c.h; path = CLOOpenGLCtr.h; sourceTree = "<group>"; };
		429425AC1FD64925001C3E35 /* CLOOpenGLCtr.mm */ = {isa = PBXFileReference; lastKnownFileType = sourcecode.cpp.objcpp; path = CLOOpenGLCtr.mm; sourceTree = "<group>"; };
		429425AE1FD649C7001C3E35 /* CLOOpenGLContext.h */ = {isa = PBXFileReference; lastKnownFileType = sourcecode.c.h; path = CLOOpenGLContext.h; sourceTree = "<group>"; };
		429425AF1FD649C7001C3E35 /* CLOOpenGLContext.mm */ = {isa = PBXFileReference; lastKnownFileType = sourcecode.cpp.objcpp; path = CLOOpenGLContext.mm; sourceTree = "<group>"; };
		42CCCD251FE22089003F1C6D /* CLOOpenGLGlobal.h */ = {isa = PBXFileReference; lastKnownFileType = sourcecode.c.h; path = CLOOpenGLGlobal.h; sourceTree = "<group>"; };
		42CCCD291FE22564003F1C6D /* PhotoMakeDemoVC.h */ = {isa = PBXFileReference; fileEncoding = 4; lastKnownFileType = sourcecode.c.h; path = PhotoMakeDemoVC.h; sourceTree = "<group>"; };
		42CCCD2A1FE22564003F1C6D /* PhotoMakeDemoVC.m */ = {isa = PBXFileReference; fileEncoding = 4; lastKnownFileType = sourcecode.c.objc; path = PhotoMakeDemoVC.m; sourceTree = "<group>"; };
		42CCCD2C1FE2525A003F1C6D /* CLOOpenGLImageUtility.h */ = {isa = PBXFileReference; fileEncoding = 4; lastKnownFileType = sourcecode.c.h; path = CLOOpenGLImageUtility.h; sourceTree = "<group>"; };
		42CCCD2D1FE2525B003F1C6D /* CLOOpenGLImageUtility.mm */ = {isa = PBXFileReference; fileEncoding = 4; lastKnownFileType = sourcecode.cpp.objcpp; path = CLOOpenGLImageUtility.mm; sourceTree = "<group>"; };
		42CCCD2F1FE25B05003F1C6D /* CLOglSession.cpp */ = {isa = PBXFileReference; lastKnownFileType = sourcecode.cpp.cpp; path = CLOglSession.cpp; sourceTree = "<group>"; };
		42CCCD301FE25B05003F1C6D /* CLOglSession.hpp */ = {isa = PBXFileReference; lastKnownFileType = sourcecode.cpp.h; path = CLOglSession.hpp; sourceTree = "<group>"; };
		42F8EA651FD6A1F80007229D /* CLOglFrameBuffer.cpp */ = {isa = PBXFileReference; lastKnownFileType = sourcecode.cpp.cpp; path = CLOglFrameBuffer.cpp; sourceTree = "<group>"; };
		42F8EA661FD6A1F80007229D /* CLOglFrameBuffer.hpp */ = {isa = PBXFileReference; lastKnownFileType = sourcecode.cpp.h; path = CLOglFrameBuffer.hpp; sourceTree = "<group>"; };
/* End PBXFileReference section */

/* Begin PBXFrameworksBuildPhase section */
		429425811FD52A08001C3E35 /* Frameworks */ = {
			isa = PBXFrameworksBuildPhase;
			buildActionMask = 2147483647;
			files = (
			);
			runOnlyForDeploymentPostprocessing = 0;
		};
/* End PBXFrameworksBuildPhase section */

/* Begin PBXGroup section */
		421269471FE7B84000B1397D /* Views */ = {
			isa = PBXGroup;
			children = (
				421269481FE7B84000B1397D /* UICDisplayImageView.h */,
				421269491FE7B84000B1397D /* UICDisplayImageView.m */,
			);
			path = Views;
			sourceTree = "<group>";
		};
		4212694E1FE7C00B00B1397D /* Models */ = {
			isa = PBXGroup;
			children = (
				42602EF81FE8E62B00AF799F /* pg_sdk_common */,
				4212694F1FE7C00B00B1397D /* PGCameraManager */,
			);
			path = Models;
			sourceTree = "<group>";
		};
		4212694F1FE7C00B00B1397D /* PGCameraManager */ = {
			isa = PBXGroup;
			children = (
				421269501FE7C00B00B1397D /* PGCameraDefine.h */,
				421269511FE7C00B00B1397D /* PGCameraDefine.m */,
				421269521FE7C00B00B1397D /* PGCameraManager.h */,
				421269531FE7C00B00B1397D /* PGCameraManager.m */,
				421269541FE7C00B00B1397D /* PGCameraManagerDelegate.h */,
			);
			path = PGCameraManager;
			sourceTree = "<group>";
		};
		424BC2D91FDFD224009DC0AF /* Filters */ = {
			isa = PBXGroup;
			children = (
				42873C551FE121D700F39512 /* CLOglColorMatrixFilter.cpp */,
				42873C561FE121D700F39512 /* CLOglColorMatrixFilter.hpp */,
				42873C581FE1223B00F39512 /* CLOglFilter.cpp */,
				42873C591FE1223B00F39512 /* CLOglFilter.hpp */,
			);
			path = Filters;
			sourceTree = "<group>";
		};
		42602EF81FE8E62B00AF799F /* pg_sdk_common */ = {
			isa = PBXGroup;
			children = (
				42602EF91FE8E62B00AF799F /* UIImage+pg_common_unitils.h */,
				42602EFA1FE8E62B00AF799F /* UIImage+pg_common_unitils.m */,
			);
			path = pg_sdk_common;
			sourceTree = "<group>";
		};
		4294257B1FD52A08001C3E35 = {
			isa = PBXGroup;
			children = (
				429425861FD52A08001C3E35 /* CLOOpenGLESDemo */,
				429425851FD52A08001C3E35 /* Products */,
			);
			sourceTree = "<group>";
		};
		429425851FD52A08001C3E35 /* Products */ = {
			isa = PBXGroup;
			children = (
				429425841FD52A08001C3E35 /* CLOOpenGLESDemo.app */,
			);
			name = Products;
			sourceTree = "<group>";
		};
		429425861FD52A08001C3E35 /* CLOOpenGLESDemo */ = {
			isa = PBXGroup;
			children = (
				429425871FD52A08001C3E35 /* AppDelegate.h */,
				429425881FD52A08001C3E35 /* AppDelegate.m */,
				4294258D1FD52A08001C3E35 /* Main.storyboard */,
				429425901FD52A08001C3E35 /* Assets.xcassets */,
				429425921FD52A08001C3E35 /* LaunchScreen.storyboard */,
				429425951FD52A08001C3E35 /* Info.plist */,
				429425961FD52A08001C3E35 /* main.m */,
				42CCCD281FE22564003F1C6D /* DemoVCs */,
				421269471FE7B84000B1397D /* Views */,
				4212694E1FE7C00B00B1397D /* Models */,
				4294259E1FD52A61001C3E35 /* Classes */,
			);
			path = CLOOpenGLESDemo;
			sourceTree = "<group>";
		};
		4294259E1FD52A61001C3E35 /* Classes */ = {
			isa = PBXGroup;
			children = (
				4294259F1FD52A8D001C3E35 /* CPP */,
				429425A01FD52A8E001C3E35 /* iOS */,
			);
			name = Classes;
			path = ../../../Classes;
			sourceTree = "<group>";
		};
		4294259F1FD52A8D001C3E35 /* CPP */ = {
			isa = PBXGroup;
			children = (
				42426D9F1FE3773F00F03369 /* CLOglCommon.cpp */,
				42426DA01FE3773F00F03369 /* CLOglCommon.hpp */,
				429425A41FD62D59001C3E35 /* CLOglCtr.cpp */,
				429425A51FD62D59001C3E35 /* CLOglCtr.hpp */,
				42F8EA651FD6A1F80007229D /* CLOglFrameBuffer.cpp */,
				42F8EA661FD6A1F80007229D /* CLOglFrameBuffer.hpp */,
				429425A71FD62D7C001C3E35 /* CLOglGlobal.h */,
				4259BA0C1FE51C8D001F6555 /* CLOglPixel.cpp */,
				4259BA0D1FE51C8D001F6555 /* CLOglPixel.hpp */,
				424BC2DA1FDFD2AE009DC0AF /* CLOglProgram.cpp */,
				424BC2DB1FDFD2AE009DC0AF /* CLOglProgram.hpp */,
				42602EF51FE8A23E00AF799F /* CLOglRenderBuffer.cpp */,
				42602EF61FE8A23E00AF799F /* CLOglRenderBuffer.hpp */,
				42CCCD2F1FE25B05003F1C6D /* CLOglSession.cpp */,
				42CCCD301FE25B05003F1C6D /* CLOglSession.hpp */,
				429425A81FD637C5001C3E35 /* CLOglTexture.cpp */,
				429425A91FD637C5001C3E35 /* CLOglTexture.hpp */,
				424BC2D91FDFD224009DC0AF /* Filters */,
			);
			path = CPP;
			sourceTree = "<group>";
		};
		429425A01FD52A8E001C3E35 /* iOS */ = {
			isa = PBXGroup;
			children = (
				429425AE1FD649C7001C3E35 /* CLOOpenGLContext.h */,
				429425AF1FD649C7001C3E35 /* CLOOpenGLContext.mm */,
				429425AB1FD64925001C3E35 /* CLOOpenGLCtr.h */,
				429425AC1FD64925001C3E35 /* CLOOpenGLCtr.mm */,
				42CCCD251FE22089003F1C6D /* CLOOpenGLGlobal.h */,
				42CCCD2C1FE2525A003F1C6D /* CLOOpenGLImageUtility.h */,
				42CCCD2D1FE2525B003F1C6D /* CLOOpenGLImageUtility.mm */,
				429425A11FD52AB7001C3E35 /* CLOOpenGLView.h */,
				429425A21FD52AB7001C3E35 /* CLOOpenGLView.mm */,
			);
			path = iOS;
			sourceTree = "<group>";
		};
		42CCCD281FE22564003F1C6D /* DemoVCs */ = {
			isa = PBXGroup;
			children = (
				42CCCD291FE22564003F1C6D /* PhotoMakeDemoVC.h */,
				42CCCD2A1FE22564003F1C6D /* PhotoMakeDemoVC.m */,
				4212694B1FE7BDBF00B1397D /* CameraDemoVC.h */,
				4212694C1FE7BDBF00B1397D /* CameraDemoVC.m */,
			);
			path = DemoVCs;
			sourceTree = "<group>";
		};
/* End PBXGroup section */

/* Begin PBXNativeTarget section */
		429425831FD52A08001C3E35 /* CLOOpenGLESDemo */ = {
			isa = PBXNativeTarget;
			buildConfigurationList = 4294259A1FD52A08001C3E35 /* Build configuration list for PBXNativeTarget "CLOOpenGLESDemo" */;
			buildPhases = (
				429425801FD52A08001C3E35 /* Sources */,
				429425811FD52A08001C3E35 /* Frameworks */,
				429425821FD52A08001C3E35 /* Resources */,
			);
			buildRules = (
			);
			dependencies = (
			);
			name = CLOOpenGLESDemo;
			productName = CLOOpenGLESDemo;
			productReference = 429425841FD52A08001C3E35 /* CLOOpenGLESDemo.app */;
			productType = "com.apple.product-type.application";
		};
/* End PBXNativeTarget section */

/* Begin PBXProject section */
		4294257C1FD52A08001C3E35 /* Project object */ = {
			isa = PBXProject;
			attributes = {
				LastUpgradeCheck = 0910;
				ORGANIZATIONNAME = Cc;
				TargetAttributes = {
					429425831FD52A08001C3E35 = {
						CreatedOnToolsVersion = 9.1;
						ProvisioningStyle = Manual;
					};
				};
			};
			buildConfigurationList = 4294257F1FD52A08001C3E35 /* Build configuration list for PBXProject "CLOOpenGLESDemo" */;
			compatibilityVersion = "Xcode 8.0";
			developmentRegion = en;
			hasScannedForEncodings = 0;
			knownRegions = (
				en,
				Base,
			);
			mainGroup = 4294257B1FD52A08001C3E35;
			productRefGroup = 429425851FD52A08001C3E35 /* Products */;
			projectDirPath = "";
			projectRoot = "";
			targets = (
				429425831FD52A08001C3E35 /* CLOOpenGLESDemo */,
			);
		};
/* End PBXProject section */

/* Begin PBXResourcesBuildPhase section */
		429425821FD52A08001C3E35 /* Resources */ = {
			isa = PBXResourcesBuildPhase;
			buildActionMask = 2147483647;
			files = (
				429425941FD52A08001C3E35 /* LaunchScreen.storyboard in Resources */,
				429425911FD52A08001C3E35 /* Assets.xcassets in Resources */,
				4294258F1FD52A08001C3E35 /* Main.storyboard in Resources */,
			);
			runOnlyForDeploymentPostprocessing = 0;
		};
/* End PBXResourcesBuildPhase section */

/* Begin PBXSourcesBuildPhase section */
		429425801FD52A08001C3E35 /* Sources */ = {
			isa = PBXSourcesBuildPhase;
			buildActionMask = 2147483647;
			files = (
				42602EFB1FE8E62B00AF799F /* UIImage+pg_common_unitils.m in Sources */,
				42CCCD311FE25B05003F1C6D /* CLOglSession.cpp in Sources */,
				4212694A1FE7B84100B1397D /* UICDisplayImageView.m in Sources */,
				42602EF71FE8A23E00AF799F /* CLOglRenderBuffer.cpp in Sources */,
				429425A31FD52AB7001C3E35 /* CLOOpenGLView.mm in Sources */,
				4259BA0E1FE51C8D001F6555 /* CLOglPixel.cpp in Sources */,
				42873C571FE121D700F39512 /* CLOglColorMatrixFilter.cpp in Sources */,
				42873C5A1FE1223B00F39512 /* CLOglFilter.cpp in Sources */,
				429425971FD52A08001C3E35 /* main.m in Sources */,
				429425891FD52A08001C3E35 /* AppDelegate.m in Sources */,
				424BC2DC1FDFD2AE009DC0AF /* CLOglProgram.cpp in Sources */,
				42CCCD2B1FE22564003F1C6D /* PhotoMakeDemoVC.m in Sources */,
				421269551FE7C00C00B1397D /* PGCameraDefine.m in Sources */,
				42426DA11FE3773F00F03369 /* CLOglCommon.cpp in Sources */,
				42F8EA671FD6A1F80007229D /* CLOglFrameBuffer.cpp in Sources */,
				4212694D1FE7BDBF00B1397D /* CameraDemoVC.m in Sources */,
				42CCCD2E1FE2525B003F1C6D /* CLOOpenGLImageUtility.mm in Sources */,
				421269561FE7C00C00B1397D /* PGCameraManager.m in Sources */,
				429425AA1FD637C5001C3E35 /* CLOglTexture.cpp in Sources */,
				429425B01FD649C7001C3E35 /* CLOOpenGLContext.mm in Sources */,
				429425AD1FD64925001C3E35 /* CLOOpenGLCtr.mm in Sources */,
				429425A61FD62D59001C3E35 /* CLOglCtr.cpp in Sources */,
			);
			runOnlyForDeploymentPostprocessing = 0;
		};
/* End PBXSourcesBuildPhase section */

/* Begin PBXVariantGroup section */
		4294258D1FD52A08001C3E35 /* Main.storyboard */ = {
			isa = PBXVariantGroup;
			children = (
				4294258E1FD52A08001C3E35 /* Base */,
			);
			name = Main.storyboard;
			sourceTree = "<group>";
		};
		429425921FD52A08001C3E35 /* LaunchScreen.storyboard */ = {
			isa = PBXVariantGroup;
			children = (
				429425931FD52A08001C3E35 /* Base */,
			);
			name = LaunchScreen.storyboard;
			sourceTree = "<group>";
		};
/* End PBXVariantGroup section */

/* Begin XCBuildConfiguration section */
		429425981FD52A08001C3E35 /* Debug */ = {
			isa = XCBuildConfiguration;
			buildSettings = {
				ALWAYS_SEARCH_USER_PATHS = NO;
				CLANG_ANALYZER_NONNULL = YES;
				CLANG_ANALYZER_NUMBER_OBJECT_CONVERSION = YES_AGGRESSIVE;
				CLANG_CXX_LANGUAGE_STANDARD = "gnu++14";
				CLANG_CXX_LIBRARY = "libc++";
				CLANG_ENABLE_MODULES = YES;
				CLANG_ENABLE_OBJC_ARC = YES;
				CLANG_WARN_BLOCK_CAPTURE_AUTORELEASING = YES;
				CLANG_WARN_BOOL_CONVERSION = YES;
				CLANG_WARN_COMMA = YES;
				CLANG_WARN_CONSTANT_CONVERSION = YES;
				CLANG_WARN_DIRECT_OBJC_ISA_USAGE = YES_ERROR;
				CLANG_WARN_DOCUMENTATION_COMMENTS = YES;
				CLANG_WARN_EMPTY_BODY = YES;
				CLANG_WARN_ENUM_CONVERSION = YES;
				CLANG_WARN_INFINITE_RECURSION = YES;
				CLANG_WARN_INT_CONVERSION = YES;
				CLANG_WARN_NON_LITERAL_NULL_CONVERSION = YES;
				CLANG_WARN_OBJC_LITERAL_CONVERSION = YES;
				CLANG_WARN_OBJC_ROOT_CLASS = YES_ERROR;
				CLANG_WARN_RANGE_LOOP_ANALYSIS = YES;
				CLANG_WARN_STRICT_PROTOTYPES = YES;
				CLANG_WARN_SUSPICIOUS_MOVE = YES;
				CLANG_WARN_UNGUARDED_AVAILABILITY = YES_AGGRESSIVE;
				CLANG_WARN_UNREACHABLE_CODE = YES;
				CLANG_WARN__DUPLICATE_METHOD_MATCH = YES;
				CODE_SIGN_IDENTITY = "iPhone Developer";
				COPY_PHASE_STRIP = NO;
				DEBUG_INFORMATION_FORMAT = dwarf;
				ENABLE_STRICT_OBJC_MSGSEND = YES;
				ENABLE_TESTABILITY = YES;
				GCC_C_LANGUAGE_STANDARD = gnu11;
				GCC_DYNAMIC_NO_PIC = NO;
				GCC_NO_COMMON_BLOCKS = YES;
				GCC_OPTIMIZATION_LEVEL = 0;
				GCC_PREPROCESSOR_DEFINITIONS = (
					"DEBUG=1",
					"$(inherited)",
				);
				GCC_WARN_64_TO_32_BIT_CONVERSION = YES;
				GCC_WARN_ABOUT_RETURN_TYPE = YES_ERROR;
				GCC_WARN_UNDECLARED_SELECTOR = YES;
				GCC_WARN_UNINITIALIZED_AUTOS = YES_AGGRESSIVE;
				GCC_WARN_UNUSED_FUNCTION = YES;
				GCC_WARN_UNUSED_VARIABLE = YES;
				IPHONEOS_DEPLOYMENT_TARGET = 11.1;
				MTL_ENABLE_DEBUG_INFO = YES;
				ONLY_ACTIVE_ARCH = YES;
				SDKROOT = iphoneos;
			};
			name = Debug;
		};
		429425991FD52A08001C3E35 /* Release */ = {
			isa = XCBuildConfiguration;
			buildSettings = {
				ALWAYS_SEARCH_USER_PATHS = NO;
				CLANG_ANALYZER_NONNULL = YES;
				CLANG_ANALYZER_NUMBER_OBJECT_CONVERSION = YES_AGGRESSIVE;
				CLANG_CXX_LANGUAGE_STANDARD = "gnu++14";
				CLANG_CXX_LIBRARY = "libc++";
				CLANG_ENABLE_MODULES = YES;
				CLANG_ENABLE_OBJC_ARC = YES;
				CLANG_WARN_BLOCK_CAPTURE_AUTORELEASING = YES;
				CLANG_WARN_BOOL_CONVERSION = YES;
				CLANG_WARN_COMMA = YES;
				CLANG_WARN_CONSTANT_CONVERSION = YES;
				CLANG_WARN_DIRECT_OBJC_ISA_USAGE = YES_ERROR;
				CLANG_WARN_DOCUMENTATION_COMMENTS = YES;
				CLANG_WARN_EMPTY_BODY = YES;
				CLANG_WARN_ENUM_CONVERSION = YES;
				CLANG_WARN_INFINITE_RECURSION = YES;
				CLANG_WARN_INT_CONVERSION = YES;
				CLANG_WARN_NON_LITERAL_NULL_CONVERSION = YES;
				CLANG_WARN_OBJC_LITERAL_CONVERSION = YES;
				CLANG_WARN_OBJC_ROOT_CLASS = YES_ERROR;
				CLANG_WARN_RANGE_LOOP_ANALYSIS = YES;
				CLANG_WARN_STRICT_PROTOTYPES = YES;
				CLANG_WARN_SUSPICIOUS_MOVE = YES;
				CLANG_WARN_UNGUARDED_AVAILABILITY = YES_AGGRESSIVE;
				CLANG_WARN_UNREACHABLE_CODE = YES;
				CLANG_WARN__DUPLICATE_METHOD_MATCH = YES;
				CODE_SIGN_IDENTITY = "iPhone Developer";
				COPY_PHASE_STRIP = NO;
				DEBUG_INFORMATION_FORMAT = "dwarf-with-dsym";
				ENABLE_NS_ASSERTIONS = NO;
				ENABLE_STRICT_OBJC_MSGSEND = YES;
				GCC_C_LANGUAGE_STANDARD = gnu11;
				GCC_NO_COMMON_BLOCKS = YES;
				GCC_WARN_64_TO_32_BIT_CONVERSION = YES;
				GCC_WARN_ABOUT_RETURN_TYPE = YES_ERROR;
				GCC_WARN_UNDECLARED_SELECTOR = YES;
				GCC_WARN_UNINITIALIZED_AUTOS = YES_AGGRESSIVE;
				GCC_WARN_UNUSED_FUNCTION = YES;
				GCC_WARN_UNUSED_VARIABLE = YES;
				IPHONEOS_DEPLOYMENT_TARGET = 11.1;
				MTL_ENABLE_DEBUG_INFO = NO;
				SDKROOT = iphoneos;
				VALIDATE_PRODUCT = YES;
			};
			name = Release;
		};
		4294259B1FD52A08001C3E35 /* Debug */ = {
			isa = XCBuildConfiguration;
			buildSettings = {
				ASSETCATALOG_COMPILER_APPICON_NAME = AppIcon;
				CODE_SIGN_STYLE = Manual;
				DEVELOPMENT_TEAM = 4LK53CLB9D;
				INFOPLIST_FILE = CLOOpenGLESDemo/Info.plist;
				LD_RUNPATH_SEARCH_PATHS = "$(inherited) @executable_path/Frameworks";
				PRODUCT_BUNDLE_IDENTIFIER = com.pinguo.CLOOpenGLESDemo;
				PRODUCT_NAME = "$(TARGET_NAME)";
				PROVISIONING_PROFILE = "ab2a9845-eabe-46e1-9e6d-10f9cd05cb11";
				PROVISIONING_PROFILE_SPECIFIER = chengdu_development_all;
				TARGETED_DEVICE_FAMILY = "1,2";
			};
			name = Debug;
		};
		4294259C1FD52A08001C3E35 /* Release */ = {
			isa = XCBuildConfiguration;
			buildSettings = {
				ASSETCATALOG_COMPILER_APPICON_NAME = AppIcon;
				CODE_SIGN_STYLE = Manual;
				DEVELOPMENT_TEAM = 4LK53CLB9D;
				INFOPLIST_FILE = CLOOpenGLESDemo/Info.plist;
				LD_RUNPATH_SEARCH_PATHS = "$(inherited) @executable_path/Frameworks";
				PRODUCT_BUNDLE_IDENTIFIER = com.pinguo.CLOOpenGLESDemo;
				PRODUCT_NAME = "$(TARGET_NAME)";
				PROVISIONING_PROFILE = "ab2a9845-eabe-46e1-9e6d-10f9cd05cb11";
				PROVISIONING_PROFILE_SPECIFIER = chengdu_development_all;
				TARGETED_DEVICE_FAMILY = "1,2";
			};
			name = Release;
		};
/* End XCBuildConfiguration section */

/* Begin XCConfigurationList section */
		4294257F1FD52A08001C3E35 /* Build configuration list for PBXProject "CLOOpenGLESDemo" */ = {
			isa = XCConfigurationList;
			buildConfigurations = (
				429425981FD52A08001C3E35 /* Debug */,
				429425991FD52A08001C3E35 /* Release */,
			);
			defaultConfigurationIsVisible = 0;
			defaultConfigurationName = Release;
		};
		4294259A1FD52A08001C3E35 /* Build configuration list for PBXNativeTarget "CLOOpenGLESDemo" */ = {
			isa = XCConfigurationList;
			buildConfigurations = (
				4294259B1FD52A08001C3E35 /* Debug */,
				4294259C1FD52A08001C3E35 /* Release */,
			);
			defaultConfigurationIsVisible = 0;
			defaultConfigurationName = Release;
		};
/* End XCConfigurationList section */
	};
	rootObject = 4294257C1FD52A08001C3E35 /* Project object */;
}
